
Microsoft Visual Studio Solution File, Format Version 12.00
# Visual Studio 2012
Project("{FAE04EC0-301F-11D3-BF4B-00C04F79EFBC}") = "GetFileAttributes", "GetFileAttributes\GetFileAttributes.csproj", "{F3500AD8-25D3-46D0-9110-1D0D2B12DFC9}"
EndProject
Global
	GlobalSection(SolutionConfigurationPlatforms) = preSolution
		Debug|Any CPU = Debug|Any CPU
		Release|Any CPU = Release|Any CPU
	EndGlobalSection
	GlobalSection(ProjectConfigurationPlatforms) = postSolution
		{F3500AD8-25D3-46D0-9110-1D0D2B12DFC9}.Debug|Any CPU.ActiveCfg = Debug|Any CPU
		{F3500AD8-25D3-46D0-9110-1D0D2B12DFC9}.Debug|Any CPU.Build.0 = Debug|Any CPU
		{F3500AD8-25D3-46D0-9110-1D0D2B12DFC9}.Release|Any CPU.ActiveCfg = Release|Any CPU
		{F3500AD8-25D3-46D0-9110-1D0D2B12DFC9}.Release|Any CPU.Build.0 = Release|Any CPU
	EndGlobalSection
	GlobalSection(SolutionProperties) = preSolution
		HideSolutionNode = FALSE
	EndGlobalSection
EndGlobal
